
Microsoft Visual Studio Solution File, Format Version 12.00
# Visual Studio Version 17
VisualStudioVersion = 17.5.33530.505
MinimumVisualStudioVersion = 10.0.40219.1
Project("{FAE04EC0-301F-11D3-BF4B-00C04F79EFBC}") = "MySqlOrm", "MySqlOrm.csproj", "{BDB55369-7158-4FF0-B4CE-DC3629E82AA2}"
EndProject
Project("{FAE04EC0-301F-11D3-BF4B-00C04F79EFBC}") = "MySqlOrmTests", "..\MySqlOrmTests\MySqlOrmTests.csproj", "{F460148B-973D-4A4A-838F-FBD118F5C6E3}"
EndProject
Global
	GlobalSection(SolutionConfigurationPlatforms) = preSolution
		Debug|Any CPU = Debug|Any CPU
		Release|Any CPU = Release|Any CPU
	EndGlobalSection
	GlobalSection(ProjectConfigurationPlatforms) = postSolution
		{BDB55369-7158-4FF0-B4CE-DC3629E82AA2}.Debug|Any CPU.ActiveCfg = Debug|Any CPU
		{BDB55369-7158-4FF0-B4CE-DC3629E82AA2}.Debug|Any CPU.Build.0 = Debug|Any CPU
		{BDB55369-7158-4FF0-B4CE-DC3629E82AA2}.Release|Any CPU.ActiveCfg = Release|Any CPU
		{BDB55369-7158-4FF0-B4CE-DC3629E82AA2}.Release|Any CPU.Build.0 = Release|Any CPU
		{F460148B-973D-4A4A-838F-FBD118F5C6E3}.Debug|Any CPU.ActiveCfg = Debug|Any CPU
		{F460148B-973D-4A4A-838F-FBD118F5C6E3}.Debug|Any CPU.Build.0 = Debug|Any CPU
		{F460148B-973D-4A4A-838F-FBD118F5C6E3}.Release|Any CPU.ActiveCfg = Release|Any CPU
		{F460148B-973D-4A4A-838F-FBD118F5C6E3}.Release|Any CPU.Build.0 = Release|Any CPU
	EndGlobalSection
	GlobalSection(SolutionProperties) = preSolution
		HideSolutionNode = FALSE
	EndGlobalSection
	GlobalSection(ExtensibilityGlobals) = postSolution
		SolutionGuid = {C6576D3A-9A20-4C14-9D70-BA45993E0FBB}
	EndGlobalSection
EndGlobal
